// !$*UTF8*$!
{
	archiveVersion = 1;
	classes = {
	};
	objectVersion = 56;
	objects = {

/* Begin PBXBuildFile section */
		6539E57E298768F200F36FD0 /* ZonasCollectionViewCell.swift in Sources */ = {isa = PBXBuildFile; fileRef = 6539E57C298768F200F36FD0 /* ZonasCollectionViewCell.swift */; };
		6539E57F298768F200F36FD0 /* ZonasCollectionViewCell.xib in Resources */ = {isa = PBXBuildFile; fileRef = 6539E57D298768F200F36FD0 /* ZonasCollectionViewCell.xib */; };
		6589B2BE297352F600A9317D /* AppDelegate.swift in Sources */ = {isa = PBXBuildFile; fileRef = 6589B2BD297352F600A9317D /* AppDelegate.swift */; };
		6589B2C0297352F600A9317D /* SceneDelegate.swift in Sources */ = {isa = PBXBuildFile; fileRef = 6589B2BF297352F600A9317D /* SceneDelegate.swift */; };
		6589B2C2297352F600A9317D /* ViewController.swift in Sources */ = {isa = PBXBuildFile; fileRef = 6589B2C1297352F600A9317D /* ViewController.swift */; };
		6589B2C5297352F600A9317D /* Main.storyboard in Resources */ = {isa = PBXBuildFile; fileRef = 6589B2C3297352F600A9317D /* Main.storyboard */; };
		6589B2C7297352F700A9317D /* Assets.xcassets in Resources */ = {isa = PBXBuildFile; fileRef = 6589B2C6297352F700A9317D /* Assets.xcassets */; };
		6589B2CA297352F700A9317D /* LaunchScreen.storyboard in Resources */ = {isa = PBXBuildFile; fileRef = 6589B2C8297352F700A9317D /* LaunchScreen.storyboard */; };
		6589B2D5297352F700A9317D /* CentralTests.swift in Sources */ = {isa = PBXBuildFile; fileRef = 6589B2D4297352F700A9317D /* CentralTests.swift */; };
		6589B2DF297352F700A9317D /* CentralUITests.swift in Sources */ = {isa = PBXBuildFile; fileRef = 6589B2DE297352F700A9317D /* CentralUITests.swift */; };
		6589B2E1297352F700A9317D /* CentralUITestsLaunchTests.swift in Sources */ = {isa = PBXBuildFile; fileRef = 6589B2E0297352F700A9317D /* CentralUITestsLaunchTests.swift */; };
		6589B2EF29735AF100A9317D /* LoginViewController.swift in Sources */ = {isa = PBXBuildFile; fileRef = 6589B2EE29735AF100A9317D /* LoginViewController.swift */; };
		6589B2F229735C1D00A9317D /* FirebaseAnalytics in Frameworks */ = {isa = PBXBuildFile; productRef = 6589B2F129735C1D00A9317D /* FirebaseAnalytics */; };
		6589B2F429735C1D00A9317D /* FirebaseAnalyticsSwift in Frameworks */ = {isa = PBXBuildFile; productRef = 6589B2F329735C1D00A9317D /* FirebaseAnalyticsSwift */; };
		6589B2F629735C1D00A9317D /* FirebaseCrashlytics in Frameworks */ = {isa = PBXBuildFile; productRef = 6589B2F529735C1D00A9317D /* FirebaseCrashlytics */; };
		6589B2F829735C1D00A9317D /* FirebasePerformance in Frameworks */ = {isa = PBXBuildFile; productRef = 6589B2F729735C1D00A9317D /* FirebasePerformance */; };
		6589B2FB29735C6300A9317D /* Spinner.swift in Sources */ = {isa = PBXBuildFile; fileRef = 6589B2FA29735C6300A9317D /* Spinner.swift */; };
		6589B2FD29735C8F00A9317D /* Alerts.swift in Sources */ = {isa = PBXBuildFile; fileRef = 6589B2FC29735C8F00A9317D /* Alerts.swift */; };
		6589B2FF29735DAA00A9317D /* Extensions.swift in Sources */ = {isa = PBXBuildFile; fileRef = 6589B2FE29735DAA00A9317D /* Extensions.swift */; };
		6589B3022973605800A9317D /* GoogleService-Info.plist in Resources */ = {isa = PBXBuildFile; fileRef = 6589B3012973605800A9317D /* GoogleService-Info.plist */; };
		6589B30529736B9E00A9317D /* Lottie in Frameworks */ = {isa = PBXBuildFile; productRef = 6589B30429736B9E00A9317D /* Lottie */; };
		6589B307297372ED00A9317D /* loginAnimation.json in Resources */ = {isa = PBXBuildFile; fileRef = 6589B306297372ED00A9317D /* loginAnimation.json */; };
		6589B30A29737D9400A9317D /* Log.swift in Sources */ = {isa = PBXBuildFile; fileRef = 6589B30929737D9400A9317D /* Log.swift */; };
		6589B30C2974B7BB00A9317D /* CentralViewController.swift in Sources */ = {isa = PBXBuildFile; fileRef = 6589B30B2974B7BB00A9317D /* CentralViewController.swift */; };
		65B2D18D29C83D8700695962 /* ListUserViewController.swift in Sources */ = {isa = PBXBuildFile; fileRef = 65B2D18B29C83D8700695962 /* ListUserViewController.swift */; };
		65B2D18E29C83D8700695962 /* ListUserViewController.xib in Resources */ = {isa = PBXBuildFile; fileRef = 65B2D18C29C83D8700695962 /* ListUserViewController.xib */; };
		65B2D19129C83E4C00695962 /* ListUserTableViewCell.swift in Sources */ = {isa = PBXBuildFile; fileRef = 65B2D18F29C83E4C00695962 /* ListUserTableViewCell.swift */; };
		65B2D19229C83E4C00695962 /* ListUserTableViewCell.xib in Resources */ = {isa = PBXBuildFile; fileRef = 65B2D19029C83E4C00695962 /* ListUserTableViewCell.xib */; };
		65B2D19729C83E9300695962 /* AddUserViewController.swift in Sources */ = {isa = PBXBuildFile; fileRef = 65B2D19529C83E9300695962 /* AddUserViewController.swift */; };
		65B2D19829C83E9300695962 /* AddUserViewController.xib in Resources */ = {isa = PBXBuildFile; fileRef = 65B2D19629C83E9300695962 /* AddUserViewController.xib */; };
		65CDC50329CE734100879017 /* NodesViewController.swift in Sources */ = {isa = PBXBuildFile; fileRef = 65CDC50129CE734100879017 /* NodesViewController.swift */; };
		65CDC50429CE734100879017 /* NodesViewController.xib in Resources */ = {isa = PBXBuildFile; fileRef = 65CDC50229CE734100879017 /* NodesViewController.xib */; };
		65CDC50729CE76D000879017 /* NodeTableViewCell.swift in Sources */ = {isa = PBXBuildFile; fileRef = 65CDC50529CE76D000879017 /* NodeTableViewCell.swift */; };
		65CDC50829CE76D000879017 /* NodeTableViewCell.xib in Resources */ = {isa = PBXBuildFile; fileRef = 65CDC50629CE76D000879017 /* NodeTableViewCell.xib */; };
		65CDC50A29CF921D00879017 /* Api.swift in Sources */ = {isa = PBXBuildFile; fileRef = 65CDC50929CF921D00879017 /* Api.swift */; };
		65CDC51129CF979B00879017 /* Authenthication.swift in Sources */ = {isa = PBXBuildFile; fileRef = 65CDC51029CF979B00879017 /* Authenthication.swift */; };
		65CDC51329CF97A700879017 /* LoginViewModel.swift in Sources */ = {isa = PBXBuildFile; fileRef = 65CDC51229CF97A700879017 /* LoginViewModel.swift */; };
		65CDC51529CF9CAB00879017 /* Constants.swift in Sources */ = {isa = PBXBuildFile; fileRef = 65CDC51429CF9CAB00879017 /* Constants.swift */; };
		65CDC51B29D1057100879017 /* Nodes.swift in Sources */ = {isa = PBXBuildFile; fileRef = 65CDC51A29D1057100879017 /* Nodes.swift */; };
		65CDC51D29D105F200879017 /* NodeViewModel.swift in Sources */ = {isa = PBXBuildFile; fileRef = 65CDC51C29D105F200879017 /* NodeViewModel.swift */; };
		65CDC52229D13E3800879017 /* Zonas.swift in Sources */ = {isa = PBXBuildFile; fileRef = 65CDC52129D13E3800879017 /* Zonas.swift */; };
		65CDC52429D13E5D00879017 /* ZonaViewModel.swift in Sources */ = {isa = PBXBuildFile; fileRef = 65CDC52329D13E5D00879017 /* ZonaViewModel.swift */; };
		65CDC52929D5316900879017 /* UserOfZones.swift in Sources */ = {isa = PBXBuildFile; fileRef = 65CDC52829D5316900879017 /* UserOfZones.swift */; };
		65CDC52B29D5317800879017 /* ListUserOfZonesViewModel.swift in Sources */ = {isa = PBXBuildFile; fileRef = 65CDC52A29D5317800879017 /* ListUserOfZonesViewModel.swift */; };
		65CDC52F29D89C0300879017 /* CloseSessionViewModel.swift in Sources */ = {isa = PBXBuildFile; fileRef = 65CDC52E29D89C0300879017 /* CloseSessionViewModel.swift */; };
/* End PBXBuildFile section */

/* Begin PBXContainerItemProxy section */
		6589B2D1297352F700A9317D /* PBXContainerItemProxy */ = {
			isa = PBXContainerItemProxy;
			containerPortal = 6589B2B2297352F600A9317D /* Project object */;
			proxyType = 1;
			remoteGlobalIDString = 6589B2B9297352F600A9317D;
			remoteInfo = Central;
		};
		6589B2DB297352F700A9317D /* PBXContainerItemProxy */ = {
			isa = PBXContainerItemProxy;
			containerPortal = 6589B2B2297352F600A9317D /* Project object */;
			proxyType = 1;
			remoteGlobalIDString = 6589B2B9297352F600A9317D;
			remoteInfo = Central;
		};
/* End PBXContainerItemProxy section */

/* Begin PBXFileReference section */
		6539E57C298768F200F36FD0 /* ZonasCollectionViewCell.swift */ = {isa = PBXFileReference; lastKnownFileType = sourcecode.swift; path = ZonasCollectionViewCell.swift; sourceTree = "<group>"; };
		6539E57D298768F200F36FD0 /* ZonasCollectionViewCell.xib */ = {isa = PBXFileReference; lastKnownFileType = file.xib; path = ZonasCollectionViewCell.xib; sourceTree = "<group>"; };
		6589B2BA297352F600A9317D /* Central.app */ = {isa = PBXFileReference; explicitFileType = wrapper.application; includeInIndex = 0; path = Central.app; sourceTree = BUILT_PRODUCTS_DIR; };
		6589B2BD297352F600A9317D /* AppDelegate.swift */ = {isa = PBXFileReference; lastKnownFileType = sourcecode.swift; path = AppDelegate.swift; sourceTree = "<group>"; };
		6589B2BF297352F600A9317D /* SceneDelegate.swift */ = {isa = PBXFileReference; lastKnownFileType = sourcecode.swift; path = SceneDelegate.swift; sourceTree = "<group>"; };
		6589B2C1297352F600A9317D /* ViewController.swift */ = {isa = PBXFileReference; lastKnownFileType = sourcecode.swift; path = ViewController.swift; sourceTree = "<group>"; };
		6589B2C4297352F600A9317D /* Base */ = {isa = PBXFileReference; lastKnownFileType = file.storyboard; name = Base; path = Base.lproj/Main.storyboard; sourceTree = "<group>"; };
		6589B2C6297352F700A9317D /* Assets.xcassets */ = {isa = PBXFileReference; lastKnownFileType = folder.assetcatalog; path = Assets.xcassets; sourceTree = "<group>"; };
		6589B2C9297352F700A9317D /* Base */ = {isa = PBXFileReference; lastKnownFileType = file.storyboard; name = Base; path = Base.lproj/LaunchScreen.storyboard; sourceTree = "<group>"; };
		6589B2CB297352F700A9317D /* Info.plist */ = {isa = PBXFileReference; lastKnownFileType = text.plist.xml; path = Info.plist; sourceTree = "<group>"; };
		6589B2D0297352F700A9317D /* CentralTests.xctest */ = {isa = PBXFileReference; explicitFileType = wrapper.cfbundle; includeInIndex = 0; path = CentralTests.xctest; sourceTree = BUILT_PRODUCTS_DIR; };
		6589B2D4297352F700A9317D /* CentralTests.swift */ = {isa = PBXFileReference; lastKnownFileType = sourcecode.swift; path = CentralTests.swift; sourceTree = "<group>"; };
		6589B2DA297352F700A9317D /* CentralUITests.xctest */ = {isa = PBXFileReference; explicitFileType = wrapper.cfbundle; includeInIndex = 0; path = CentralUITests.xctest; sourceTree = BUILT_PRODUCTS_DIR; };
		6589B2DE297352F700A9317D /* CentralUITests.swift */ = {isa = PBXFileReference; lastKnownFileType = sourcecode.swift; path = CentralUITests.swift; sourceTree = "<group>"; };
		6589B2E0297352F700A9317D /* CentralUITestsLaunchTests.swift */ = {isa = PBXFileReference; lastKnownFileType = sourcecode.swift; path = CentralUITestsLaunchTests.swift; sourceTree = "<group>"; };
		6589B2EE29735AF100A9317D /* LoginViewController.swift */ = {isa = PBXFileReference; fileEncoding = 4; lastKnownFileType = sourcecode.swift; path = LoginViewController.swift; sourceTree = "<group>"; };
		6589B2FA29735C6300A9317D /* Spinner.swift */ = {isa = PBXFileReference; fileEncoding = 4; lastKnownFileType = sourcecode.swift; path = Spinner.swift; sourceTree = "<group>"; };
		6589B2FC29735C8F00A9317D /* Alerts.swift */ = {isa = PBXFileReference; fileEncoding = 4; lastKnownFileType = sourcecode.swift; path = Alerts.swift; sourceTree = "<group>"; };
		6589B2FE29735DAA00A9317D /* Extensions.swift */ = {isa = PBXFileReference; fileEncoding = 4; lastKnownFileType = sourcecode.swift; path = Extensions.swift; sourceTree = "<group>"; };
		6589B3012973605800A9317D /* GoogleService-Info.plist */ = {isa = PBXFileReference; fileEncoding = 4; lastKnownFileType = text.plist.xml; path = "GoogleService-Info.plist"; sourceTree = "<group>"; };
		6589B306297372ED00A9317D /* loginAnimation.json */ = {isa = PBXFileReference; fileEncoding = 4; lastKnownFileType = text.json; path = loginAnimation.json; sourceTree = "<group>"; };
		6589B30929737D9400A9317D /* Log.swift */ = {isa = PBXFileReference; lastKnownFileType = sourcecode.swift; path = Log.swift; sourceTree = "<group>"; };
		6589B30B2974B7BB00A9317D /* CentralViewController.swift */ = {isa = PBXFileReference; lastKnownFileType = sourcecode.swift; path = CentralViewController.swift; sourceTree = "<group>"; };
		65B2D18B29C83D8700695962 /* ListUserViewController.swift */ = {isa = PBXFileReference; lastKnownFileType = sourcecode.swift; path = ListUserViewController.swift; sourceTree = "<group>"; };
		65B2D18C29C83D8700695962 /* ListUserViewController.xib */ = {isa = PBXFileReference; lastKnownFileType = file.xib; path = ListUserViewController.xib; sourceTree = "<group>"; };
		65B2D18F29C83E4C00695962 /* ListUserTableViewCell.swift */ = {isa = PBXFileReference; lastKnownFileType = sourcecode.swift; path = ListUserTableViewCell.swift; sourceTree = "<group>"; };
		65B2D19029C83E4C00695962 /* ListUserTableViewCell.xib */ = {isa = PBXFileReference; lastKnownFileType = file.xib; path = ListUserTableViewCell.xib; sourceTree = "<group>"; };
		65B2D19529C83E9300695962 /* AddUserViewController.swift */ = {isa = PBXFileReference; lastKnownFileType = sourcecode.swift; path = AddUserViewController.swift; sourceTree = "<group>"; };
		65B2D19629C83E9300695962 /* AddUserViewController.xib */ = {isa = PBXFileReference; lastKnownFileType = file.xib; path = AddUserViewController.xib; sourceTree = "<group>"; };
		65CDC50129CE734100879017 /* NodesViewController.swift */ = {isa = PBXFileReference; lastKnownFileType = sourcecode.swift; path = NodesViewController.swift; sourceTree = "<group>"; };
		65CDC50229CE734100879017 /* NodesViewController.xib */ = {isa = PBXFileReference; lastKnownFileType = file.xib; path = NodesViewController.xib; sourceTree = "<group>"; };
		65CDC50529CE76D000879017 /* NodeTableViewCell.swift */ = {isa = PBXFileReference; lastKnownFileType = sourcecode.swift; path = NodeTableViewCell.swift; sourceTree = "<group>"; };
		65CDC50629CE76D000879017 /* NodeTableViewCell.xib */ = {isa = PBXFileReference; lastKnownFileType = file.xib; path = NodeTableViewCell.xib; sourceTree = "<group>"; };
		65CDC50929CF921D00879017 /* Api.swift */ = {isa = PBXFileReference; fileEncoding = 4; lastKnownFileType = sourcecode.swift; path = Api.swift; sourceTree = "<group>"; };
		65CDC51029CF979B00879017 /* Authenthication.swift */ = {isa = PBXFileReference; lastKnownFileType = sourcecode.swift; path = Authenthication.swift; sourceTree = "<group>"; };
		65CDC51229CF97A700879017 /* LoginViewModel.swift */ = {isa = PBXFileReference; lastKnownFileType = sourcecode.swift; path = LoginViewModel.swift; sourceTree = "<group>"; };
		65CDC51429CF9CAB00879017 /* Constants.swift */ = {isa = PBXFileReference; lastKnownFileType = sourcecode.swift; path = Constants.swift; sourceTree = "<group>"; };
		65CDC51629CFA85C00879017 /* Central.entitlements */ = {isa = PBXFileReference; lastKnownFileType = text.plist.entitlements; path = Central.entitlements; sourceTree = "<group>"; };
		65CDC51A29D1057100879017 /* Nodes.swift */ = {isa = PBXFileReference; lastKnownFileType = sourcecode.swift; path = Nodes.swift; sourceTree = "<group>"; };
		65CDC51C29D105F200879017 /* NodeViewModel.swift */ = {isa = PBXFileReference; lastKnownFileType = sourcecode.swift; path = NodeViewModel.swift; sourceTree = "<group>"; };
		65CDC52129D13E3800879017 /* Zonas.swift */ = {isa = PBXFileReference; lastKnownFileType = sourcecode.swift; path = Zonas.swift; sourceTree = "<group>"; };
		65CDC52329D13E5D00879017 /* ZonaViewModel.swift */ = {isa = PBXFileReference; lastKnownFileType = sourcecode.swift; path = ZonaViewModel.swift; sourceTree = "<group>"; };
		65CDC52829D5316900879017 /* UserOfZones.swift */ = {isa = PBXFileReference; lastKnownFileType = sourcecode.swift; path = UserOfZones.swift; sourceTree = "<group>"; };
		65CDC52A29D5317800879017 /* ListUserOfZonesViewModel.swift */ = {isa = PBXFileReference; lastKnownFileType = sourcecode.swift; path = ListUserOfZonesViewModel.swift; sourceTree = "<group>"; };
		65CDC52E29D89C0300879017 /* CloseSessionViewModel.swift */ = {isa = PBXFileReference; lastKnownFileType = sourcecode.swift; path = CloseSessionViewModel.swift; sourceTree = "<group>"; };
/* End PBXFileReference section */

/* Begin PBXFrameworksBuildPhase section */
		6589B2B7297352F600A9317D /* Frameworks */ = {
			isa = PBXFrameworksBuildPhase;
			buildActionMask = 2147483647;
			files = (
				6589B30529736B9E00A9317D /* Lottie in Frameworks */,
				6589B2F629735C1D00A9317D /* FirebaseCrashlytics in Frameworks */,
				6589B2F429735C1D00A9317D /* FirebaseAnalyticsSwift in Frameworks */,
				6589B2F829735C1D00A9317D /* FirebasePerformance in Frameworks */,
				6589B2F229735C1D00A9317D /* FirebaseAnalytics in Frameworks */,
			);
			runOnlyForDeploymentPostprocessing = 0;
		};
		6589B2CD297352F700A9317D /* Frameworks */ = {
			isa = PBXFrameworksBuildPhase;
			buildActionMask = 2147483647;
			files = (
			);
			runOnlyForDeploymentPostprocessing = 0;
		};
		6589B2D7297352F700A9317D /* Frameworks */ = {
			isa = PBXFrameworksBuildPhase;
			buildActionMask = 2147483647;
			files = (
			);
			runOnlyForDeploymentPostprocessing = 0;
		};
/* End PBXFrameworksBuildPhase section */

/* Begin PBXGroup section */
		6589B2B1297352F600A9317D = {
			isa = PBXGroup;
			children = (
				6589B2BC297352F600A9317D /* Central */,
				6589B2D3297352F700A9317D /* CentralTests */,
				6589B2DD297352F700A9317D /* CentralUITests */,
				6589B2BB297352F600A9317D /* Products */,
			);
			sourceTree = "<group>";
		};
		6589B2BB297352F600A9317D /* Products */ = {
			isa = PBXGroup;
			children = (
				6589B2BA297352F600A9317D /* Central.app */,
				6589B2D0297352F700A9317D /* CentralTests.xctest */,
				6589B2DA297352F700A9317D /* CentralUITests.xctest */,
			);
			name = Products;
			sourceTree = "<group>";
		};
		6589B2BC297352F600A9317D /* Central */ = {
			isa = PBXGroup;
			children = (
				65CDC51629CFA85C00879017 /* Central.entitlements */,
				6589B2F929735C4F00A9317D /* Helpers */,
				6589B2ED29735AE000A9317D /* Authenthication */,
				65CDC50029CE731B00879017 /* Nodes */,
				6589B30829737D0000A9317D /* Central */,
				6589B2BD297352F600A9317D /* AppDelegate.swift */,
				6589B2BF297352F600A9317D /* SceneDelegate.swift */,
				6589B2C1297352F600A9317D /* ViewController.swift */,
				6589B2C3297352F600A9317D /* Main.storyboard */,
				6589B2C6297352F700A9317D /* Assets.xcassets */,
				6589B306297372ED00A9317D /* loginAnimation.json */,
				6589B2C8297352F700A9317D /* LaunchScreen.storyboard */,
				6589B2CB297352F700A9317D /* Info.plist */,
				6589B3012973605800A9317D /* GoogleService-Info.plist */,
			);
			path = Central;
			sourceTree = "<group>";
		};
		6589B2D3297352F700A9317D /* CentralTests */ = {
			isa = PBXGroup;
			children = (
				6589B2D4297352F700A9317D /* CentralTests.swift */,
			);
			path = CentralTests;
			sourceTree = "<group>";
		};
		6589B2DD297352F700A9317D /* CentralUITests */ = {
			isa = PBXGroup;
			children = (
				6589B2DE297352F700A9317D /* CentralUITests.swift */,
				6589B2E0297352F700A9317D /* CentralUITestsLaunchTests.swift */,
			);
			path = CentralUITests;
			sourceTree = "<group>";
		};
		6589B2ED29735AE000A9317D /* Authenthication */ = {
			isa = PBXGroup;
			children = (
				65CDC50F29CF977200879017 /* Model */,
				65CDC50E29CF976C00879017 /* View */,
				65CDC50D29CF975700879017 /* ViewModel */,
			);
			path = Authenthication;
			sourceTree = "<group>";
		};
		6589B2F929735C4F00A9317D /* Helpers */ = {
			isa = PBXGroup;
			children = (
				65CDC50C29CF923A00879017 /* Network */,
				65CDC50B29CF922900879017 /* Crashlytics */,
				6589B2FE29735DAA00A9317D /* Extensions.swift */,
				6589B2FA29735C6300A9317D /* Spinner.swift */,
				6589B2FC29735C8F00A9317D /* Alerts.swift */,
			);
			path = Helpers;
			sourceTree = "<group>";
		};
		6589B30829737D0000A9317D /* Central */ = {
			isa = PBXGroup;
			children = (
				65CDC52029D13E1000879017 /* Model */,
				65CDC51F29D13E0B00879017 /* View */,
				65CDC51E29D13E0100879017 /* ViewModel */,
				65B2D18229C8364500695962 /* Add User */,
			);
			path = Central;
			sourceTree = "<group>";
		};
		65B2D18229C8364500695962 /* Add User */ = {
			isa = PBXGroup;
			children = (
				65CDC52729D5311D00879017 /* Model */,
				65CDC52629D5311800879017 /* View */,
				65CDC52529D5311000879017 /* ViewModel */,
			);
			path = "Add User";
			sourceTree = "<group>";
		};
		65CDC50029CE731B00879017 /* Nodes */ = {
			isa = PBXGroup;
			children = (
				65CDC51929D1056000879017 /* Model */,
				65CDC51829D1055B00879017 /* View */,
				65CDC51729D1055100879017 /* ViewModel */,
			);
			path = Nodes;
			sourceTree = "<group>";
		};
		65CDC50B29CF922900879017 /* Crashlytics */ = {
			isa = PBXGroup;
			children = (
				6589B30929737D9400A9317D /* Log.swift */,
			);
			path = Crashlytics;
			sourceTree = "<group>";
		};
		65CDC50C29CF923A00879017 /* Network */ = {
			isa = PBXGroup;
			children = (
				65CDC50929CF921D00879017 /* Api.swift */,
				65CDC51429CF9CAB00879017 /* Constants.swift */,
			);
			path = Network;
			sourceTree = "<group>";
		};
		65CDC50D29CF975700879017 /* ViewModel */ = {
			isa = PBXGroup;
			children = (
				65CDC51229CF97A700879017 /* LoginViewModel.swift */,
				65CDC52E29D89C0300879017 /* CloseSessionViewModel.swift */,
			);
			path = ViewModel;
			sourceTree = "<group>";
		};
		65CDC50E29CF976C00879017 /* View */ = {
			isa = PBXGroup;
			children = (
				6589B2EE29735AF100A9317D /* LoginViewController.swift */,
			);
			path = View;
			sourceTree = "<group>";
		};
		65CDC50F29CF977200879017 /* Model */ = {
			isa = PBXGroup;
			children = (
				65CDC51029CF979B00879017 /* Authenthication.swift */,
			);
			path = Model;
			sourceTree = "<group>";
		};
		65CDC51729D1055100879017 /* ViewModel */ = {
			isa = PBXGroup;
			children = (
				65CDC51C29D105F200879017 /* NodeViewModel.swift */,
			);
			path = ViewModel;
			sourceTree = "<group>";
		};
		65CDC51829D1055B00879017 /* View */ = {
			isa = PBXGroup;
			children = (
				65CDC50129CE734100879017 /* NodesViewController.swift */,
				65CDC50229CE734100879017 /* NodesViewController.xib */,
				65CDC50529CE76D000879017 /* NodeTableViewCell.swift */,
				65CDC50629CE76D000879017 /* NodeTableViewCell.xib */,
			);
			path = View;
			sourceTree = "<group>";
		};
		65CDC51929D1056000879017 /* Model */ = {
			isa = PBXGroup;
			children = (
				65CDC51A29D1057100879017 /* Nodes.swift */,
			);
			path = Model;
			sourceTree = "<group>";
		};
		65CDC51E29D13E0100879017 /* ViewModel */ = {
			isa = PBXGroup;
			children = (
				65CDC52329D13E5D00879017 /* ZonaViewModel.swift */,
			);
			path = ViewModel;
			sourceTree = "<group>";
		};
		65CDC51F29D13E0B00879017 /* View */ = {
			isa = PBXGroup;
			children = (
				6589B30B2974B7BB00A9317D /* CentralViewController.swift */,
				6539E57C298768F200F36FD0 /* ZonasCollectionViewCell.swift */,
				6539E57D298768F200F36FD0 /* ZonasCollectionViewCell.xib */,
			);
			path = View;
			sourceTree = "<group>";
		};
		65CDC52029D13E1000879017 /* Model */ = {
			isa = PBXGroup;
			children = (
				65CDC52129D13E3800879017 /* Zonas.swift */,
			);
			path = Model;
			sourceTree = "<group>";
		};
		65CDC52529D5311000879017 /* ViewModel */ = {
			isa = PBXGroup;
			children = (
				65CDC52A29D5317800879017 /* ListUserOfZonesViewModel.swift */,
			);
			path = ViewModel;
			sourceTree = "<group>";
		};
		65CDC52629D5311800879017 /* View */ = {
			isa = PBXGroup;
			children = (
				65B2D18B29C83D8700695962 /* ListUserViewController.swift */,
				65B2D18C29C83D8700695962 /* ListUserViewController.xib */,
				65B2D18F29C83E4C00695962 /* ListUserTableViewCell.swift */,
				65B2D19029C83E4C00695962 /* ListUserTableViewCell.xib */,
				65B2D19529C83E9300695962 /* AddUserViewController.swift */,
				65B2D19629C83E9300695962 /* AddUserViewController.xib */,
			);
			path = View;
			sourceTree = "<group>";
		};
		65CDC52729D5311D00879017 /* Model */ = {
			isa = PBXGroup;
			children = (
				65CDC52829D5316900879017 /* UserOfZones.swift */,
			);
			path = Model;
			sourceTree = "<group>";
		};
/* End PBXGroup section */

/* Begin PBXNativeTarget section */
		6589B2B9297352F600A9317D /* Central */ = {
			isa = PBXNativeTarget;
			buildConfigurationList = 6589B2E4297352F700A9317D /* Build configuration list for PBXNativeTarget "Central" */;
			buildPhases = (
				6589B2B6297352F600A9317D /* Sources */,
				6589B2B7297352F600A9317D /* Frameworks */,
				6589B2B8297352F600A9317D /* Resources */,
				6589B30029735E9800A9317D /* Upload Dsym Symbols */,
			);
			buildRules = (
			);
			dependencies = (
			);
			name = Central;
			packageProductDependencies = (
				6589B2F129735C1D00A9317D /* FirebaseAnalytics */,
				6589B2F329735C1D00A9317D /* FirebaseAnalyticsSwift */,
				6589B2F529735C1D00A9317D /* FirebaseCrashlytics */,
				6589B2F729735C1D00A9317D /* FirebasePerformance */,
				6589B30429736B9E00A9317D /* Lottie */,
			);
			productName = Central;
			productReference = 6589B2BA297352F600A9317D /* Central.app */;
			productType = "com.apple.product-type.application";
		};
		6589B2CF297352F700A9317D /* CentralTests */ = {
			isa = PBXNativeTarget;
			buildConfigurationList = 6589B2E7297352F700A9317D /* Build configuration list for PBXNativeTarget "CentralTests" */;
			buildPhases = (
				6589B2CC297352F700A9317D /* Sources */,
				6589B2CD297352F700A9317D /* Frameworks */,
				6589B2CE297352F700A9317D /* Resources */,
			);
			buildRules = (
			);
			dependencies = (
				6589B2D2297352F700A9317D /* PBXTargetDependency */,
			);
			name = CentralTests;
			productName = CentralTests;
			productReference = 6589B2D0297352F700A9317D /* CentralTests.xctest */;
			productType = "com.apple.product-type.bundle.unit-test";
		};
		6589B2D9297352F700A9317D /* CentralUITests */ = {
			isa = PBXNativeTarget;
			buildConfigurationList = 6589B2EA297352F700A9317D /* Build configuration list for PBXNativeTarget "CentralUITests" */;
			buildPhases = (
				6589B2D6297352F700A9317D /* Sources */,
				6589B2D7297352F700A9317D /* Frameworks */,
				6589B2D8297352F700A9317D /* Resources */,
			);
			buildRules = (
			);
			dependencies = (
				6589B2DC297352F700A9317D /* PBXTargetDependency */,
			);
			name = CentralUITests;
			productName = CentralUITests;
			productReference = 6589B2DA297352F700A9317D /* CentralUITests.xctest */;
			productType = "com.apple.product-type.bundle.ui-testing";
		};
/* End PBXNativeTarget section */

/* Begin PBXProject section */
		6589B2B2297352F600A9317D /* Project object */ = {
			isa = PBXProject;
			attributes = {
				BuildIndependentTargetsInParallel = 1;
				LastSwiftUpdateCheck = 1420;
				LastUpgradeCheck = 1420;
				TargetAttributes = {
					6589B2B9297352F600A9317D = {
						CreatedOnToolsVersion = 14.2;
					};
					6589B2CF297352F700A9317D = {
						CreatedOnToolsVersion = 14.2;
						TestTargetID = 6589B2B9297352F600A9317D;
					};
					6589B2D9297352F700A9317D = {
						CreatedOnToolsVersion = 14.2;
						TestTargetID = 6589B2B9297352F600A9317D;
					};
				};
			};
			buildConfigurationList = 6589B2B5297352F600A9317D /* Build configuration list for PBXProject "Central" */;
			compatibilityVersion = "Xcode 14.0";
			developmentRegion = en;
			hasScannedForEncodings = 0;
			knownRegions = (
				en,
				Base,
			);
			mainGroup = 6589B2B1297352F600A9317D;
			packageReferences = (
				6589B2F029735C1D00A9317D /* XCRemoteSwiftPackageReference "firebase-ios-sdk" */,
				6589B30329736B9E00A9317D /* XCRemoteSwiftPackageReference "lottie-ios" */,
			);
			productRefGroup = 6589B2BB297352F600A9317D /* Products */;
			projectDirPath = "";
			projectRoot = "";
			targets = (
				6589B2B9297352F600A9317D /* Central */,
				6589B2CF297352F700A9317D /* CentralTests */,
				6589B2D9297352F700A9317D /* CentralUITests */,
			);
		};
/* End PBXProject section */

/* Begin PBXResourcesBuildPhase section */
		6589B2B8297352F600A9317D /* Resources */ = {
			isa = PBXResourcesBuildPhase;
			buildActionMask = 2147483647;
			files = (
				6589B2CA297352F700A9317D /* LaunchScreen.storyboard in Resources */,
				6589B3022973605800A9317D /* GoogleService-Info.plist in Resources */,
				65CDC50429CE734100879017 /* NodesViewController.xib in Resources */,
				65B2D19829C83E9300695962 /* AddUserViewController.xib in Resources */,
				6589B307297372ED00A9317D /* loginAnimation.json in Resources */,
				65CDC50829CE76D000879017 /* NodeTableViewCell.xib in Resources */,
				6589B2C7297352F700A9317D /* Assets.xcassets in Resources */,
				65B2D19229C83E4C00695962 /* ListUserTableViewCell.xib in Resources */,
				65B2D18E29C83D8700695962 /* ListUserViewController.xib in Resources */,
				6539E57F298768F200F36FD0 /* ZonasCollectionViewCell.xib in Resources */,
				6589B2C5297352F600A9317D /* Main.storyboard in Resources */,
			);
			runOnlyForDeploymentPostprocessing = 0;
		};
		6589B2CE297352F700A9317D /* Resources */ = {
			isa = PBXResourcesBuildPhase;
			buildActionMask = 2147483647;
			files = (
			);
			runOnlyForDeploymentPostprocessing = 0;
		};
		6589B2D8297352F700A9317D /* Resources */ = {
			isa = PBXResourcesBuildPhase;
			buildActionMask = 2147483647;
			files = (
			);
			runOnlyForDeploymentPostprocessing = 0;
		};
/* End PBXResourcesBuildPhase section */

/* Begin PBXShellScriptBuildPhase section */
		6589B30029735E9800A9317D /* Upload Dsym Symbols */ = {
			isa = PBXShellScriptBuildPhase;
			alwaysOutOfDate = 1;
			buildActionMask = 2147483647;
			files = (
			);
			inputFileListPaths = (
			);
			inputPaths = (
			);
			name = "Upload Dsym Symbols";
			outputFileListPaths = (
			);
			outputPaths = (
			);
			runOnlyForDeploymentPostprocessing = 0;
			shellPath = /bin/sh;
			shellScript = "# Type a script or drag a script file from your workspace to insert its path.\n${BUILD_DIR%Build/*}/SourcePackages/checkouts/firebase-ios-sdk/Crashlytics/run\n";
		};
/* End PBXShellScriptBuildPhase section */

/* Begin PBXSourcesBuildPhase section */
		6589B2B6297352F600A9317D /* Sources */ = {
			isa = PBXSourcesBuildPhase;
			buildActionMask = 2147483647;
			files = (
				6589B2EF29735AF100A9317D /* LoginViewController.swift in Sources */,
				65CDC51529CF9CAB00879017 /* Constants.swift in Sources */,
				6589B2C2297352F600A9317D /* ViewController.swift in Sources */,
				6539E57E298768F200F36FD0 /* ZonasCollectionViewCell.swift in Sources */,
				65CDC52429D13E5D00879017 /* ZonaViewModel.swift in Sources */,
				65B2D19129C83E4C00695962 /* ListUserTableViewCell.swift in Sources */,
				65CDC52B29D5317800879017 /* ListUserOfZonesViewModel.swift in Sources */,
				6589B2BE297352F600A9317D /* AppDelegate.swift in Sources */,
				6589B2C0297352F600A9317D /* SceneDelegate.swift in Sources */,
				65CDC50329CE734100879017 /* NodesViewController.swift in Sources */,
				65CDC51129CF979B00879017 /* Authenthication.swift in Sources */,
				65CDC51329CF97A700879017 /* LoginViewModel.swift in Sources */,
				6589B2FD29735C8F00A9317D /* Alerts.swift in Sources */,
				65B2D19729C83E9300695962 /* AddUserViewController.swift in Sources */,
				65CDC51D29D105F200879017 /* NodeViewModel.swift in Sources */,
				65CDC52229D13E3800879017 /* Zonas.swift in Sources */,
				6589B2FB29735C6300A9317D /* Spinner.swift in Sources */,
				6589B30A29737D9400A9317D /* Log.swift in Sources */,
				65CDC50729CE76D000879017 /* NodeTableViewCell.swift in Sources */,
				65CDC51B29D1057100879017 /* Nodes.swift in Sources */,
				65B2D18D29C83D8700695962 /* ListUserViewController.swift in Sources */,
				6589B30C2974B7BB00A9317D /* CentralViewController.swift in Sources */,
				65CDC52F29D89C0300879017 /* CloseSessionViewModel.swift in Sources */,
				65CDC50A29CF921D00879017 /* Api.swift in Sources */,
				6589B2FF29735DAA00A9317D /* Extensions.swift in Sources */,
				65CDC52929D5316900879017 /* UserOfZones.swift in Sources */,
			);
			runOnlyForDeploymentPostprocessing = 0;
		};
		6589B2CC297352F700A9317D /* Sources */ = {
			isa = PBXSourcesBuildPhase;
			buildActionMask = 2147483647;
			files = (
				6589B2D5297352F700A9317D /* CentralTests.swift in Sources */,
			);
			runOnlyForDeploymentPostprocessing = 0;
		};
		6589B2D6297352F700A9317D /* Sources */ = {
			isa = PBXSourcesBuildPhase;
			buildActionMask = 2147483647;
			files = (
				6589B2E1297352F700A9317D /* CentralUITestsLaunchTests.swift in Sources */,
				6589B2DF297352F700A9317D /* CentralUITests.swift in Sources */,
			);
			runOnlyForDeploymentPostprocessing = 0;
		};
/* End PBXSourcesBuildPhase section */

/* Begin PBXTargetDependency section */
		6589B2D2297352F700A9317D /* PBXTargetDependency */ = {
			isa = PBXTargetDependency;
			target = 6589B2B9297352F600A9317D /* Central */;
			targetProxy = 6589B2D1297352F700A9317D /* PBXContainerItemProxy */;
		};
		6589B2DC297352F700A9317D /* PBXTargetDependency */ = {
			isa = PBXTargetDependency;
			target = 6589B2B9297352F600A9317D /* Central */;
			targetProxy = 6589B2DB297352F700A9317D /* PBXContainerItemProxy */;
		};
/* End PBXTargetDependency section */

/* Begin PBXVariantGroup section */
		6589B2C3297352F600A9317D /* Main.storyboard */ = {
			isa = PBXVariantGroup;
			children = (
				6589B2C4297352F600A9317D /* Base */,
			);
			name = Main.storyboard;
			sourceTree = "<group>";
		};
		6589B2C8297352F700A9317D /* LaunchScreen.storyboard */ = {
			isa = PBXVariantGroup;
			children = (
				6589B2C9297352F700A9317D /* Base */,
			);
			name = LaunchScreen.storyboard;
			sourceTree = "<group>";
		};
/* End PBXVariantGroup section */

/* Begin XCBuildConfiguration section */
		6589B2E2297352F700A9317D /* Debug */ = {
			isa = XCBuildConfiguration;
			buildSettings = {
				ALWAYS_SEARCH_USER_PATHS = NO;
				CLANG_ANALYZER_NONNULL = YES;
				CLANG_ANALYZER_NUMBER_OBJECT_CONVERSION = YES_AGGRESSIVE;
				CLANG_CXX_LANGUAGE_STANDARD = "gnu++20";
				CLANG_ENABLE_MODULES = YES;
				CLANG_ENABLE_OBJC_ARC = YES;
				CLANG_ENABLE_OBJC_WEAK = YES;
				CLANG_WARN_BLOCK_CAPTURE_AUTORELEASING = YES;
				CLANG_WARN_BOOL_CONVERSION = YES;
				CLANG_WARN_COMMA = YES;
				CLANG_WARN_CONSTANT_CONVERSION = YES;
				CLANG_WARN_DEPRECATED_OBJC_IMPLEMENTATIONS = YES;
				CLANG_WARN_DIRECT_OBJC_ISA_USAGE = YES_ERROR;
				CLANG_WARN_DOCUMENTATION_COMMENTS = YES;
				CLANG_WARN_EMPTY_BODY = YES;
				CLANG_WARN_ENUM_CONVERSION = YES;
				CLANG_WARN_INFINITE_RECURSION = YES;
				CLANG_WARN_INT_CONVERSION = YES;
				CLANG_WARN_NON_LITERAL_NULL_CONVERSION = YES;
				CLANG_WARN_OBJC_IMPLICIT_RETAIN_SELF = YES;
				CLANG_WARN_OBJC_LITERAL_CONVERSION = YES;
				CLANG_WARN_OBJC_ROOT_CLASS = YES_ERROR;
				CLANG_WARN_QUOTED_INCLUDE_IN_FRAMEWORK_HEADER = YES;
				CLANG_WARN_RANGE_LOOP_ANALYSIS = YES;
				CLANG_WARN_STRICT_PROTOTYPES = YES;
				CLANG_WARN_SUSPICIOUS_MOVE = YES;
				CLANG_WARN_UNGUARDED_AVAILABILITY = YES_AGGRESSIVE;
				CLANG_WARN_UNREACHABLE_CODE = YES;
				CLANG_WARN__DUPLICATE_METHOD_MATCH = YES;
				COPY_PHASE_STRIP = NO;
				DEBUG_INFORMATION_FORMAT = dwarf;
				ENABLE_STRICT_OBJC_MSGSEND = YES;
				ENABLE_TESTABILITY = YES;
				GCC_C_LANGUAGE_STANDARD = gnu11;
				GCC_DYNAMIC_NO_PIC = NO;
				GCC_NO_COMMON_BLOCKS = YES;
				GCC_OPTIMIZATION_LEVEL = 0;
				GCC_PREPROCESSOR_DEFINITIONS = (
					"DEBUG=1",
					"$(inherited)",
				);
				GCC_WARN_64_TO_32_BIT_CONVERSION = YES;
				GCC_WARN_ABOUT_RETURN_TYPE = YES_ERROR;
				GCC_WARN_UNDECLARED_SELECTOR = YES;
				GCC_WARN_UNINITIALIZED_AUTOS = YES_AGGRESSIVE;
				GCC_WARN_UNUSED_FUNCTION = YES;
				GCC_WARN_UNUSED_VARIABLE = YES;
				IPHONEOS_DEPLOYMENT_TARGET = 16.2;
				MTL_ENABLE_DEBUG_INFO = INCLUDE_SOURCE;
				MTL_FAST_MATH = YES;
				ONLY_ACTIVE_ARCH = YES;
				SDKROOT = iphoneos;
				SWIFT_ACTIVE_COMPILATION_CONDITIONS = DEBUG;
				SWIFT_OPTIMIZATION_LEVEL = "-Onone";
			};
			name = Debug;
		};
		6589B2E3297352F700A9317D /* Release */ = {
			isa = XCBuildConfiguration;
			buildSettings = {
				ALWAYS_SEARCH_USER_PATHS = NO;
				CLANG_ANALYZER_NONNULL = YES;
				CLANG_ANALYZER_NUMBER_OBJECT_CONVERSION = YES_AGGRESSIVE;
				CLANG_CXX_LANGUAGE_STANDARD = "gnu++20";
				CLANG_ENABLE_MODULES = YES;
				CLANG_ENABLE_OBJC_ARC = YES;
				CLANG_ENABLE_OBJC_WEAK = YES;
				CLANG_WARN_BLOCK_CAPTURE_AUTORELEASING = YES;
				CLANG_WARN_BOOL_CONVERSION = YES;
				CLANG_WARN_COMMA = YES;
				CLANG_WARN_CONSTANT_CONVERSION = YES;
				CLANG_WARN_DEPRECATED_OBJC_IMPLEMENTATIONS = YES;
				CLANG_WARN_DIRECT_OBJC_ISA_USAGE = YES_ERROR;
				CLANG_WARN_DOCUMENTATION_COMMENTS = YES;
				CLANG_WARN_EMPTY_BODY = YES;
				CLANG_WARN_ENUM_CONVERSION = YES;
				CLANG_WARN_INFINITE_RECURSION = YES;
				CLANG_WARN_INT_CONVERSION = YES;
				CLANG_WARN_NON_LITERAL_NULL_CONVERSION = YES;
				CLANG_WARN_OBJC_IMPLICIT_RETAIN_SELF = YES;
				CLANG_WARN_OBJC_LITERAL_CONVERSION = YES;
				CLANG_WARN_OBJC_ROOT_CLASS = YES_ERROR;
				CLANG_WARN_QUOTED_INCLUDE_IN_FRAMEWORK_HEADER = YES;
				CLANG_WARN_RANGE_LOOP_ANALYSIS = YES;
				CLANG_WARN_STRICT_PROTOTYPES = YES;
				CLANG_WARN_SUSPICIOUS_MOVE = YES;
				CLANG_WARN_UNGUARDED_AVAILABILITY = YES_AGGRESSIVE;
				CLANG_WARN_UNREACHABLE_CODE = YES;
				CLANG_WARN__DUPLICATE_METHOD_MATCH = YES;
				COPY_PHASE_STRIP = NO;
				DEBUG_INFORMATION_FORMAT = "dwarf-with-dsym";
				ENABLE_NS_ASSERTIONS = NO;
				ENABLE_STRICT_OBJC_MSGSEND = YES;
				GCC_C_LANGUAGE_STANDARD = gnu11;
				GCC_NO_COMMON_BLOCKS = YES;
				GCC_WARN_64_TO_32_BIT_CONVERSION = YES;
				GCC_WARN_ABOUT_RETURN_TYPE = YES_ERROR;
				GCC_WARN_UNDECLARED_SELECTOR = YES;
				GCC_WARN_UNINITIALIZED_AUTOS = YES_AGGRESSIVE;
				GCC_WARN_UNUSED_FUNCTION = YES;
				GCC_WARN_UNUSED_VARIABLE = YES;
				IPHONEOS_DEPLOYMENT_TARGET = 16.2;
				MTL_ENABLE_DEBUG_INFO = NO;
				MTL_FAST_MATH = YES;
				SDKROOT = iphoneos;
				SWIFT_COMPILATION_MODE = wholemodule;
				SWIFT_OPTIMIZATION_LEVEL = "-O";
				VALIDATE_PRODUCT = YES;
			};
			name = Release;
		};
		6589B2E5297352F700A9317D /* Debug */ = {
			isa = XCBuildConfiguration;
			buildSettings = {
				ASSETCATALOG_COMPILER_APPICON_NAME = AppIcon;
				ASSETCATALOG_COMPILER_GLOBAL_ACCENT_COLOR_NAME = AccentColor;
				CODE_SIGN_ENTITLEMENTS = Central/Central.entitlements;
				CODE_SIGN_STYLE = Automatic;
				CURRENT_PROJECT_VERSION = 1;
				DEBUG_INFORMATION_FORMAT = "dwarf-with-dsym";
				DEVELOPMENT_TEAM = BJM4NSX373;
				GENERATE_INFOPLIST_FILE = YES;
				INFOPLIST_FILE = Central/Info.plist;
				INFOPLIST_KEY_CFBundleDisplayName = Central;
				INFOPLIST_KEY_LSApplicationCategoryType = "public.app-category.utilities";
				INFOPLIST_KEY_UIApplicationSupportsIndirectInputEvents = YES;
				INFOPLIST_KEY_UILaunchStoryboardName = LaunchScreen.storyboard;
				INFOPLIST_KEY_UIMainStoryboardFile = Main;
				INFOPLIST_KEY_UISupportedInterfaceOrientations = UIInterfaceOrientationPortrait;
				LD_RUNPATH_SEARCH_PATHS = (
					"$(inherited)",
					"@executable_path/Frameworks",
				);
				MARKETING_VERSION = 0.1;
				PRODUCT_BUNDLE_IDENTIFIER = com.yonusa.central;
				PRODUCT_NAME = "$(TARGET_NAME)";
				SWIFT_EMIT_LOC_STRINGS = YES;
				SWIFT_VERSION = 5.0;
				TARGETED_DEVICE_FAMILY = "1,2";
			};
			name = Debug;
		};
		6589B2E6297352F700A9317D /* Release */ = {
			isa = XCBuildConfiguration;
			buildSettings = {
				ASSETCATALOG_COMPILER_APPICON_NAME = AppIcon;
				ASSETCATALOG_COMPILER_GLOBAL_ACCENT_COLOR_NAME = AccentColor;
				CODE_SIGN_ENTITLEMENTS = Central/Central.entitlements;
				CODE_SIGN_STYLE = Automatic;
				CURRENT_PROJECT_VERSION = 1;
				DEVELOPMENT_TEAM = BJM4NSX373;
				GENERATE_INFOPLIST_FILE = YES;
				INFOPLIST_FILE = Central/Info.plist;
				INFOPLIST_KEY_CFBundleDisplayName = Central;
				INFOPLIST_KEY_LSApplicationCategoryType = "public.app-category.utilities";
				INFOPLIST_KEY_UIApplicationSupportsIndirectInputEvents = YES;
				INFOPLIST_KEY_UILaunchStoryboardName = LaunchScreen.storyboard;
				INFOPLIST_KEY_UIMainStoryboardFile = Main;
				INFOPLIST_KEY_UISupportedInterfaceOrientations = UIInterfaceOrientationPortrait;
				LD_RUNPATH_SEARCH_PATHS = (
					"$(inherited)",
					"@executable_path/Frameworks",
				);
				MARKETING_VERSION = 0.1;
				PRODUCT_BUNDLE_IDENTIFIER = com.yonusa.central;
				PRODUCT_NAME = "$(TARGET_NAME)";
				SWIFT_EMIT_LOC_STRINGS = YES;
				SWIFT_VERSION = 5.0;
				TARGETED_DEVICE_FAMILY = "1,2";
			};
			name = Release;
		};
		6589B2E8297352F700A9317D /* Debug */ = {
			isa = XCBuildConfiguration;
			buildSettings = {
				ALWAYS_EMBED_SWIFT_STANDARD_LIBRARIES = YES;
				BUNDLE_LOADER = "$(TEST_HOST)";
				CODE_SIGN_STYLE = Automatic;
				CURRENT_PROJECT_VERSION = 1;
				DEVELOPMENT_TEAM = BJM4NSX373;
				GENERATE_INFOPLIST_FILE = YES;
				IPHONEOS_DEPLOYMENT_TARGET = 16.2;
				MARKETING_VERSION = 1.0;
				PRODUCT_BUNDLE_IDENTIFIER = com.yonusa.CentralTests;
				PRODUCT_NAME = "$(TARGET_NAME)";
				SWIFT_EMIT_LOC_STRINGS = NO;
				SWIFT_VERSION = 5.0;
				TARGETED_DEVICE_FAMILY = "1,2";
				TEST_HOST = "$(BUILT_PRODUCTS_DIR)/Central.app/$(BUNDLE_EXECUTABLE_FOLDER_PATH)/Central";
			};
			name = Debug;
		};
		6589B2E9297352F700A9317D /* Release */ = {
			isa = XCBuildConfiguration;
			buildSettings = {
				ALWAYS_EMBED_SWIFT_STANDARD_LIBRARIES = YES;
				BUNDLE_LOADER = "$(TEST_HOST)";
				CODE_SIGN_STYLE = Automatic;
				CURRENT_PROJECT_VERSION = 1;
				DEVELOPMENT_TEAM = BJM4NSX373;
				GENERATE_INFOPLIST_FILE = YES;
				IPHONEOS_DEPLOYMENT_TARGET = 16.2;
				MARKETING_VERSION = 1.0;
				PRODUCT_BUNDLE_IDENTIFIER = com.yonusa.CentralTests;
				PRODUCT_NAME = "$(TARGET_NAME)";
				SWIFT_EMIT_LOC_STRINGS = NO;
				SWIFT_VERSION = 5.0;
				TARGETED_DEVICE_FAMILY = "1,2";
				TEST_HOST = "$(BUILT_PRODUCTS_DIR)/Central.app/$(BUNDLE_EXECUTABLE_FOLDER_PATH)/Central";
			};
			name = Release;
		};
		6589B2EB297352F700A9317D /* Debug */ = {
			isa = XCBuildConfiguration;
			buildSettings = {
				ALWAYS_EMBED_SWIFT_STANDARD_LIBRARIES = YES;
				CODE_SIGN_STYLE = Automatic;
				CURRENT_PROJECT_VERSION = 1;
				DEVELOPMENT_TEAM = BJM4NSX373;
				GENERATE_INFOPLIST_FILE = YES;
				MARKETING_VERSION = 1.0;
				PRODUCT_BUNDLE_IDENTIFIER = com.yonusa.CentralUITests;
				PRODUCT_NAME = "$(TARGET_NAME)";
				SWIFT_EMIT_LOC_STRINGS = NO;
				SWIFT_VERSION = 5.0;
				TARGETED_DEVICE_FAMILY = "1,2";
				TEST_TARGET_NAME = Central;
			};
			name = Debug;
		};
		6589B2EC297352F700A9317D /* Release */ = {
			isa = XCBuildConfiguration;
			buildSettings = {
				ALWAYS_EMBED_SWIFT_STANDARD_LIBRARIES = YES;
				CODE_SIGN_STYLE = Automatic;
				CURRENT_PROJECT_VERSION = 1;
				DEVELOPMENT_TEAM = BJM4NSX373;
				GENERATE_INFOPLIST_FILE = YES;
				MARKETING_VERSION = 1.0;
				PRODUCT_BUNDLE_IDENTIFIER = com.yonusa.CentralUITests;
				PRODUCT_NAME = "$(TARGET_NAME)";
				SWIFT_EMIT_LOC_STRINGS = NO;
				SWIFT_VERSION = 5.0;
				TARGETED_DEVICE_FAMILY = "1,2";
				TEST_TARGET_NAME = Central;
			};
			name = Release;
		};
/* End XCBuildConfiguration section */

/* Begin XCConfigurationList section */
		6589B2B5297352F600A9317D /* Build configuration list for PBXProject "Central" */ = {
			isa = XCConfigurationList;
			buildConfigurations = (
				6589B2E2297352F700A9317D /* Debug */,
				6589B2E3297352F700A9317D /* Release */,
			);
			defaultConfigurationIsVisible = 0;
			defaultConfigurationName = Release;
		};
		6589B2E4297352F700A9317D /* Build configuration list for PBXNativeTarget "Central" */ = {
			isa = XCConfigurationList;
			buildConfigurations = (
				6589B2E5297352F700A9317D /* Debug */,
				6589B2E6297352F700A9317D /* Release */,
			);
			defaultConfigurationIsVisible = 0;
			defaultConfigurationName = Release;
		};
		6589B2E7297352F700A9317D /* Build configuration list for PBXNativeTarget "CentralTests" */ = {
			isa = XCConfigurationList;
			buildConfigurations = (
				6589B2E8297352F700A9317D /* Debug */,
				6589B2E9297352F700A9317D /* Release */,
			);
			defaultConfigurationIsVisible = 0;
			defaultConfigurationName = Release;
		};
		6589B2EA297352F700A9317D /* Build configuration list for PBXNativeTarget "CentralUITests" */ = {
			isa = XCConfigurationList;
			buildConfigurations = (
				6589B2EB297352F700A9317D /* Debug */,
				6589B2EC297352F700A9317D /* Release */,
			);
			defaultConfigurationIsVisible = 0;
			defaultConfigurationName = Release;
		};
/* End XCConfigurationList section */

/* Begin XCRemoteSwiftPackageReference section */
		6589B2F029735C1D00A9317D /* XCRemoteSwiftPackageReference "firebase-ios-sdk" */ = {
			isa = XCRemoteSwiftPackageReference;
			repositoryURL = "https://github.com/firebase/firebase-ios-sdk.git";
			requirement = {
				kind = upToNextMajorVersion;
				minimumVersion = 9.0.0;
			};
		};
		6589B30329736B9E00A9317D /* XCRemoteSwiftPackageReference "lottie-ios" */ = {
			isa = XCRemoteSwiftPackageReference;
			repositoryURL = "https://github.com/airbnb/lottie-ios.git";
			requirement = {
				kind = upToNextMajorVersion;
				minimumVersion = 4.0.0;
			};
		};
/* End XCRemoteSwiftPackageReference section */

/* Begin XCSwiftPackageProductDependency section */
		6589B2F129735C1D00A9317D /* FirebaseAnalytics */ = {
			isa = XCSwiftPackageProductDependency;
			package = 6589B2F029735C1D00A9317D /* XCRemoteSwiftPackageReference "firebase-ios-sdk" */;
			productName = FirebaseAnalytics;
		};
		6589B2F329735C1D00A9317D /* FirebaseAnalyticsSwift */ = {
			isa = XCSwiftPackageProductDependency;
			package = 6589B2F029735C1D00A9317D /* XCRemoteSwiftPackageReference "firebase-ios-sdk" */;
			productName = FirebaseAnalyticsSwift;
		};
		6589B2F529735C1D00A9317D /* FirebaseCrashlytics */ = {
			isa = XCSwiftPackageProductDependency;
			package = 6589B2F029735C1D00A9317D /* XCRemoteSwiftPackageReference "firebase-ios-sdk" */;
			productName = FirebaseCrashlytics;
		};
		6589B2F729735C1D00A9317D /* FirebasePerformance */ = {
			isa = XCSwiftPackageProductDependency;
			package = 6589B2F029735C1D00A9317D /* XCRemoteSwiftPackageReference "firebase-ios-sdk" */;
			productName = FirebasePerformance;
		};
		6589B30429736B9E00A9317D /* Lottie */ = {
			isa = XCSwiftPackageProductDependency;
			package = 6589B30329736B9E00A9317D /* XCRemoteSwiftPackageReference "lottie-ios" */;
			productName = Lottie;
		};
/* End XCSwiftPackageProductDependency section */
	};
	rootObject = 6589B2B2297352F600A9317D /* Project object */;
}
